{
  "version": "5",
  "specifiers": {
    "jsr:@std/assert@1": "1.0.14",
    "jsr:@std/internal@^1.0.10": "1.0.10",
    "npm:@sentry/node@*": "10.14.0_@opentelemetry+api@1.9.0_@opentelemetry+context-async-hooks@2.1.0__@opentelemetry+api@1.9.0_@opentelemetry+core@2.1.0__@opentelemetry+api@1.9.0_@opentelemetry+instrumentation@0.204.0__@opentelemetry+api@1.9.0_@opentelemetry+resources@2.1.0__@opentelemetry+api@1.9.0_@opentelemetry+sdk-trace-base@2.1.0__@opentelemetry+api@1.9.0_@opentelemetry+semantic-conventions@1.37.0",
    "npm:express@*": "4.18.2"
  },
  "jsr": {
    "@std/assert@1.0.14": {
      "integrity": "68d0d4a43b365abc927f45a9b85c639ea18a9fab96ad92281e493e4ed84abaa4",
      "dependencies": [
        "jsr:@std/internal"
      ]
    },
    "@std/internal@1.0.10": {
      "integrity": "e3be62ce42cab0e177c27698e5d9800122f67b766a0bea6ca4867886cbde8cf7"
    }
  },
  "npm": {
    "@opentelemetry/api-logs@0.204.0": {
      "integrity": "sha512-DqxY8yoAaiBPivoJD4UtgrMS8gEmzZ5lnaxzPojzLVHBGqPxgWm4zcuvcUHZiqQ6kRX2Klel2r9y8cA2HAtqpw==",
      "dependencies": [
        "@opentelemetry/api"
      ]
    },
    "@opentelemetry/api-logs@0.57.2": {
      "integrity": "sha512-uIX52NnTM0iBh84MShlpouI7UKqkZ7MrUszTmaypHBu4r7NofznSnQRfJ+uUeDtQDj6w8eFGg5KBLDAwAPz1+A==",
      "dependencies": [
        "@opentelemetry/api"
      ]
    },
    "@opentelemetry/api@1.9.0": {
      "integrity": "sha512-3giAOQvZiH5F9bMlMiv8+GSPMeqg0dbaeo58/0SlA9sxSqZhnUtxzX9/2FzyhS9sWQf5S0GJE0AKBrFqjpeYcg=="
    },
    "@opentelemetry/context-async-hooks@2.1.0_@opentelemetry+api@1.9.0": {
      "integrity": "sha512-zOyetmZppnwTyPrt4S7jMfXiSX9yyfF0hxlA8B5oo2TtKl+/RGCy7fi4DrBfIf3lCPrkKsRBWZZD7RFojK7FDg==",
      "dependencies": [
        "@opentelemetry/api"
      ]
    },
    "@opentelemetry/core@2.1.0_@opentelemetry+api@1.9.0": {
      "integrity": "sha512-RMEtHsxJs/GiHHxYT58IY57UXAQTuUnZVco6ymDEqTNlJKTimM4qPUPVe8InNFyBjhHBEAx4k3Q8LtNayBsbUQ==",
      "dependencies": [
        "@opentelemetry/api",
        "@opentelemetry/semantic-conventions"
      ]
    },
    "@opentelemetry/instrumentation-amqplib@0.51.0_@opentelemetry+api@1.9.0": {
      "integrity": "sha512-XGmjYwjVRktD4agFnWBWQXo9SiYHKBxR6Ag3MLXwtLE4R99N3a08kGKM5SC1qOFKIELcQDGFEFT9ydXMH00Luw==",
      "dependencies": [
        "@opentelemetry/api",
        "@opentelemetry/core",
        "@opentelemetry/instrumentation@0.204.0_@opentelemetry+api@1.9.0",
        "@opentelemetry/semantic-conventions"
      ]
    },
    "@opentelemetry/instrumentation-connect@0.48.0_@opentelemetry+api@1.9.0": {
      "integrity": "sha512-OMjc3SFL4pC16PeK+tDhwP7MRvDPalYCGSvGqUhX5rASkI2H0RuxZHOWElYeXkV0WP+70Gw6JHWac/2Zqwmhdw==",
      "dependencies": [
        "@opentelemetry/api",
        "@opentelemetry/core",
        "@opentelemetry/instrumentation@0.204.0_@opentelemetry+api@1.9.0",
        "@opentelemetry/semantic-conventions",
        "@types/connect"
      ]
    },
    "@opentelemetry/instrumentation-dataloader@0.22.0_@opentelemetry+api@1.9.0": {
      "integrity": "sha512-bXnTcwtngQsI1CvodFkTemrrRSQjAjZxqHVc+CJZTDnidT0T6wt3jkKhnsjU/Kkkc0lacr6VdRpCu2CUWa0OKw==",
      "dependencies": [
        "@opentelemetry/api",
        "@opentelemetry/instrumentation@0.204.0_@opentelemetry+api@1.9.0"
      ]
    },
    "@opentelemetry/instrumentation-express@0.53.0_@opentelemetry+api@1.9.0": {
      "integrity": "sha512-r/PBafQmFYRjuxLYEHJ3ze1iBnP2GDA1nXOSS6E02KnYNZAVjj6WcDA1MSthtdAUUK0XnotHvvWM8/qz7DMO5A==",
      "dependencies": [
        "@opentelemetry/api",
        "@opentelemetry/core",
        "@opentelemetry/instrumentation@0.204.0_@opentelemetry+api@1.9.0",
        "@opentelemetry/semantic-conventions"
      ]
    },
    "@opentelemetry/instrumentation-fs@0.24.0_@opentelemetry+api@1.9.0": {
      "integrity": "sha512-HjIxJ6CBRD770KNVaTdMXIv29Sjz4C1kPCCK5x1Ujpc6SNnLGPqUVyJYZ3LUhhnHAqdbrl83ogVWjCgeT4Q0yw==",
      "dependencies": [
        "@opentelemetry/api",
        "@opentelemetry/core",
        "@opentelemetry/instrumentation@0.204.0_@opentelemetry+api@1.9.0"
      ]
    },
    "@opentelemetry/instrumentation-generic-pool@0.48.0_@opentelemetry+api@1.9.0": {
      "integrity": "sha512-TLv/On8pufynNR+pUbpkyvuESVASZZKMlqCm4bBImTpXKTpqXaJJ3o/MUDeMlM91rpen+PEv2SeyOKcHCSlgag==",
      "dependencies": [
        "@opentelemetry/api",
        "@opentelemetry/instrumentation@0.204.0_@opentelemetry+api@1.9.0"
      ]
    },
    "@opentelemetry/instrumentation-graphql@0.52.0_@opentelemetry+api@1.9.0": {
      "integrity": "sha512-3fEJ8jOOMwopvldY16KuzHbRhPk8wSsOTSF0v2psmOCGewh6ad+ZbkTx/xyUK9rUdUMWAxRVU0tFpj4Wx1vkPA==",
      "dependencies": [
        "@opentelemetry/api",
        "@opentelemetry/instrumentation@0.204.0_@opentelemetry+api@1.9.0"
      ]
    },
    "@opentelemetry/instrumentation-hapi@0.51.0_@opentelemetry+api@1.9.0": {
      "integrity": "sha512-qyf27DaFNL1Qhbo/da+04MSCw982B02FhuOS5/UF+PMhM61CcOiu7fPuXj8TvbqyReQuJFljXE6UirlvoT/62g==",
      "dependencies": [
        "@opentelemetry/api",
        "@opentelemetry/core",
        "@opentelemetry/instrumentation@0.204.0_@opentelemetry+api@1.9.0",
        "@opentelemetry/semantic-conventions"
      ]
    },
    "@opentelemetry/instrumentation-http@0.204.0_@opentelemetry+api@1.9.0": {
      "integrity": "sha512-1afJYyGRA4OmHTv0FfNTrTAzoEjPQUYgd+8ih/lX0LlZBnGio/O80vxA0lN3knsJPS7FiDrsDrWq25K7oAzbkw==",
      "dependencies": [
        "@opentelemetry/api",
        "@opentelemetry/core",
        "@opentelemetry/instrumentation@0.204.0_@opentelemetry+api@1.9.0",
        "@opentelemetry/semantic-conventions",
        "forwarded-parse"
      ]
    },
    "@opentelemetry/instrumentation-ioredis@0.52.0_@opentelemetry+api@1.9.0": {
      "integrity": "sha512-rUvlyZwI90HRQPYicxpDGhT8setMrlHKokCtBtZgYxQWRF5RBbG4q0pGtbZvd7kyseuHbFpA3I/5z7M8b/5ywg==",
      "dependencies": [
        "@opentelemetry/api",
        "@opentelemetry/instrumentation@0.204.0_@opentelemetry+api@1.9.0",
        "@opentelemetry/redis-common",
        "@opentelemetry/semantic-conventions"
      ]
    },
    "@opentelemetry/instrumentation-kafkajs@0.14.0_@opentelemetry+api@1.9.0": {
      "integrity": "sha512-kbB5yXS47dTIdO/lfbbXlzhvHFturbux4EpP0+6H78Lk0Bn4QXiZQW7rmZY1xBCY16mNcCb8Yt0mhz85hTnSVA==",
      "dependencies": [
        "@opentelemetry/api",
        "@opentelemetry/instrumentation@0.204.0_@opentelemetry+api@1.9.0",
        "@opentelemetry/semantic-conventions"
      ]
    },
    "@opentelemetry/instrumentation-knex@0.49.0_@opentelemetry+api@1.9.0": {
      "integrity": "sha512-NKsRRT27fbIYL4Ix+BjjP8h4YveyKc+2gD6DMZbr5R5rUeDqfC8+DTfIt3c3ex3BIc5Vvek4rqHnN7q34ZetLQ==",
      "dependencies": [
        "@opentelemetry/api",
        "@opentelemetry/instrumentation@0.204.0_@opentelemetry+api@1.9.0",
        "@opentelemetry/semantic-conventions"
      ]
    },
    "@opentelemetry/instrumentation-koa@0.52.0_@opentelemetry+api@1.9.0": {
      "integrity": "sha512-JJSBYLDx/mNSy8Ibi/uQixu2rH0bZODJa8/cz04hEhRaiZQoeJ5UrOhO/mS87IdgVsHrnBOsZ6vDu09znupyuA==",
      "dependencies": [
        "@opentelemetry/api",
        "@opentelemetry/core",
        "@opentelemetry/instrumentation@0.204.0_@opentelemetry+api@1.9.0",
        "@opentelemetry/semantic-conventions"
      ]
    },
    "@opentelemetry/instrumentation-lru-memoizer@0.49.0_@opentelemetry+api@1.9.0": {
      "integrity": "sha512-ctXu+O/1HSadAxtjoEg2w307Z5iPyLOMM8IRNwjaKrIpNAthYGSOanChbk1kqY6zU5CrpkPHGdAT6jk8dXiMqw==",
      "dependencies": [
        "@opentelemetry/api",
        "@opentelemetry/instrumentation@0.204.0_@opentelemetry+api@1.9.0"
      ]
    },
    "@opentelemetry/instrumentation-mongodb@0.57.0_@opentelemetry+api@1.9.0": {
      "integrity": "sha512-KD6Rg0KSHWDkik+qjIOWoksi1xqSpix8TSPfquIK1DTmd9OTFb5PHmMkzJe16TAPVEuElUW8gvgP59cacFcrMQ==",
      "dependencies": [
        "@opentelemetry/api",
        "@opentelemetry/instrumentation@0.204.0_@opentelemetry+api@1.9.0",
        "@opentelemetry/semantic-conventions"
      ]
    },
    "@opentelemetry/instrumentation-mongoose@0.51.0_@opentelemetry+api@1.9.0": {
      "integrity": "sha512-gwWaAlhhV2By7XcbyU3DOLMvzsgeaymwP/jktDC+/uPkCmgB61zurwqOQdeiRq9KAf22Y2dtE5ZLXxytJRbEVA==",
      "dependencies": [
        "@opentelemetry/api",
        "@opentelemetry/core",
        "@opentelemetry/instrumentation@0.204.0_@opentelemetry+api@1.9.0",
        "@opentelemetry/semantic-conventions"
      ]
    },
    "@opentelemetry/instrumentation-mysql2@0.51.0_@opentelemetry+api@1.9.0": {
      "integrity": "sha512-zT2Wg22Xn43RyfU3NOUmnFtb5zlDI0fKcijCj9AcK9zuLZ4ModgtLXOyBJSSfO+hsOCZSC1v/Fxwj+nZJFdzLQ==",
      "dependencies": [
        "@opentelemetry/api",
        "@opentelemetry/instrumentation@0.204.0_@opentelemetry+api@1.9.0",
        "@opentelemetry/semantic-conventions",
        "@opentelemetry/sql-common"
      ]
    },
    "@opentelemetry/instrumentation-mysql@0.50.0_@opentelemetry+api@1.9.0": {
      "integrity": "sha512-duKAvMRI3vq6u9JwzIipY9zHfikN20bX05sL7GjDeLKr2qV0LQ4ADtKST7KStdGcQ+MTN5wghWbbVdLgNcB3rA==",
      "dependencies": [
        "@opentelemetry/api",
        "@opentelemetry/instrumentation@0.204.0_@opentelemetry+api@1.9.0",
        "@opentelemetry/semantic-conventions",
        "@types/mysql"
      ]
    },
    "@opentelemetry/instrumentation-pg@0.57.0_@opentelemetry+api@1.9.0": {
      "integrity": "sha512-dWLGE+r5lBgm2A8SaaSYDE3OKJ/kwwy5WLyGyzor8PLhUL9VnJRiY6qhp4njwhnljiLtzeffRtG2Mf/YyWLeTw==",
      "dependencies": [
        "@opentelemetry/api",
        "@opentelemetry/core",
        "@opentelemetry/instrumentation@0.204.0_@opentelemetry+api@1.9.0",
        "@opentelemetry/semantic-conventions",
        "@opentelemetry/sql-common",
        "@types/pg",
        "@types/pg-pool"
      ]
    },
    "@opentelemetry/instrumentation-redis@0.53.0_@opentelemetry+api@1.9.0": {
      "integrity": "sha512-WUHV8fr+8yo5RmzyU7D5BIE1zwiaNQcTyZPwtxlfr7px6NYYx7IIpSihJK7WA60npWynfxxK1T67RAVF0Gdfjg==",
      "dependencies": [
        "@opentelemetry/api",
        "@opentelemetry/instrumentation@0.204.0_@opentelemetry+api@1.9.0",
        "@opentelemetry/redis-common",
        "@opentelemetry/semantic-conventions"
      ]
    },
    "@opentelemetry/instrumentation-tedious@0.23.0_@opentelemetry+api@1.9.0": {
      "integrity": "sha512-3TMTk/9VtlRonVTaU4tCzbg4YqW+Iq/l5VnN2e5whP6JgEg/PKfrGbqQ+CxQWNLfLaQYIUgEZqAn5gk/inh1uQ==",
      "dependencies": [
        "@opentelemetry/api",
        "@opentelemetry/instrumentation@0.204.0_@opentelemetry+api@1.9.0",
        "@opentelemetry/semantic-conventions",
        "@types/tedious"
      ]
    },
    "@opentelemetry/instrumentation-undici@0.15.0_@opentelemetry+api@1.9.0": {
      "integrity": "sha512-sNFGA/iCDlVkNjzTzPRcudmI11vT/WAfAguRdZY9IspCw02N4WSC72zTuQhSMheh2a1gdeM9my1imnKRvEEvEg==",
      "dependencies": [
        "@opentelemetry/api",
        "@opentelemetry/core",
        "@opentelemetry/instrumentation@0.204.0_@opentelemetry+api@1.9.0"
      ]
    },
    "@opentelemetry/instrumentation@0.204.0_@opentelemetry+api@1.9.0": {
      "integrity": "sha512-vV5+WSxktzoMP8JoYWKeopChy6G3HKk4UQ2hESCRDUUTZqQ3+nM3u8noVG0LmNfRWwcFBnbZ71GKC7vaYYdJ1g==",
      "dependencies": [
        "@opentelemetry/api",
        "@opentelemetry/api-logs@0.204.0",
        "import-in-the-middle",
        "require-in-the-middle"
      ]
    },
    "@opentelemetry/instrumentation@0.57.2_@opentelemetry+api@1.9.0": {
      "integrity": "sha512-BdBGhQBh8IjZ2oIIX6F2/Q3LKm/FDDKi6ccYKcBTeilh6SNdNKveDOLk73BkSJjQLJk6qe4Yh+hHw1UPhCDdrg==",
      "dependencies": [
        "@opentelemetry/api",
        "@opentelemetry/api-logs@0.57.2",
        "@types/shimmer",
        "import-in-the-middle",
        "require-in-the-middle",
        "semver",
        "shimmer"
      ]
    },
    "@opentelemetry/redis-common@0.38.0": {
      "integrity": "sha512-4Wc0AWURII2cfXVVoZ6vDqK+s5n4K5IssdrlVrvGsx6OEOKdghKtJZqXAHWFiZv4nTDLH2/2fldjIHY8clMOjQ=="
    },
    "@opentelemetry/resources@2.1.0_@opentelemetry+api@1.9.0": {
      "integrity": "sha512-1CJjf3LCvoefUOgegxi8h6r4B/wLSzInyhGP2UmIBYNlo4Qk5CZ73e1eEyWmfXvFtm1ybkmfb2DqWvspsYLrWw==",
      "dependencies": [
        "@opentelemetry/api",
        "@opentelemetry/core",
        "@opentelemetry/semantic-conventions"
      ]
    },
    "@opentelemetry/sdk-trace-base@2.1.0_@opentelemetry+api@1.9.0": {
      "integrity": "sha512-uTX9FBlVQm4S2gVQO1sb5qyBLq/FPjbp+tmGoxu4tIgtYGmBYB44+KX/725RFDe30yBSaA9Ml9fqphe1hbUyLQ==",
      "dependencies": [
        "@opentelemetry/api",
        "@opentelemetry/core",
        "@opentelemetry/resources",
        "@opentelemetry/semantic-conventions"
      ]
    },
    "@opentelemetry/semantic-conventions@1.37.0": {
      "integrity": "sha512-JD6DerIKdJGmRp4jQyX5FlrQjA4tjOw1cvfsPAZXfOOEErMUHjPcPSICS+6WnM0nB0efSFARh0KAZss+bvExOA=="
    },
    "@opentelemetry/sql-common@0.41.0_@opentelemetry+api@1.9.0": {
      "integrity": "sha512-pmzXctVbEERbqSfiAgdes9Y63xjoOyXcD7B6IXBkVb+vbM7M9U98mn33nGXxPf4dfYR0M+vhcKRZmbSJ7HfqFA==",
      "dependencies": [
        "@opentelemetry/api",
        "@opentelemetry/core"
      ]
    },
    "@prisma/instrumentation@6.15.0_@opentelemetry+api@1.9.0": {
      "integrity": "sha512-6TXaH6OmDkMOQvOxwLZ8XS51hU2v4A3vmE2pSijCIiGRJYyNeMcL6nMHQMyYdZRD8wl7LF3Wzc+AMPMV/9Oo7A==",
      "dependencies": [
        "@opentelemetry/api",
        "@opentelemetry/instrumentation@0.57.2_@opentelemetry+api@1.9.0"
      ]
    },
    "@sentry/core@10.14.0": {
      "integrity": "sha512-gyJB7/mW0OteM+vwEsAWaPcLd3fTaKRAc4LZM1aXRbl7juPRmhgwFftjqGg7AMMGNDE0JMs1Fb2W4xSVxH1ItQ=="
    },
    "@sentry/node-core@10.14.0_@opentelemetry+api@1.9.0_@opentelemetry+context-async-hooks@2.1.0__@opentelemetry+api@1.9.0_@opentelemetry+core@2.1.0__@opentelemetry+api@1.9.0_@opentelemetry+instrumentation@0.204.0__@opentelemetry+api@1.9.0_@opentelemetry+resources@2.1.0__@opentelemetry+api@1.9.0_@opentelemetry+sdk-trace-base@2.1.0__@opentelemetry+api@1.9.0_@opentelemetry+semantic-conventions@1.37.0": {
      "integrity": "sha512-IHL2gEWTb1YvlPduPi9bRLUM43ZpS+/ZbkKgjI/X8X/ck0LCpgu93Kq/Fzgk3Ae9DyB7p+dd/Tu+B89td5kTVw==",
      "dependencies": [
        "@opentelemetry/api",
        "@opentelemetry/context-async-hooks",
        "@opentelemetry/core",
        "@opentelemetry/instrumentation@0.204.0_@opentelemetry+api@1.9.0",
        "@opentelemetry/resources",
        "@opentelemetry/sdk-trace-base",
        "@opentelemetry/semantic-conventions",
        "@sentry/core",
        "@sentry/opentelemetry",
        "import-in-the-middle"
      ]
    },
    "@sentry/node@10.14.0_@opentelemetry+api@1.9.0_@opentelemetry+context-async-hooks@2.1.0__@opentelemetry+api@1.9.0_@opentelemetry+core@2.1.0__@opentelemetry+api@1.9.0_@opentelemetry+instrumentation@0.204.0__@opentelemetry+api@1.9.0_@opentelemetry+resources@2.1.0__@opentelemetry+api@1.9.0_@opentelemetry+sdk-trace-base@2.1.0__@opentelemetry+api@1.9.0_@opentelemetry+semantic-conventions@1.37.0": {
      "integrity": "sha512-2e4g9lPJ/DuJsS4IMcd7RZq8vhqTAnT30GNSY/Sd2Pv6t64Eb5suXtkrHpH6y14QPlp0egQmq5jRs6RpINZSAA==",
      "dependencies": [
        "@opentelemetry/api",
        "@opentelemetry/context-async-hooks",
        "@opentelemetry/core",
        "@opentelemetry/instrumentation@0.204.0_@opentelemetry+api@1.9.0",
        "@opentelemetry/instrumentation-amqplib",
        "@opentelemetry/instrumentation-connect",
        "@opentelemetry/instrumentation-dataloader",
        "@opentelemetry/instrumentation-express",
        "@opentelemetry/instrumentation-fs",
        "@opentelemetry/instrumentation-generic-pool",
        "@opentelemetry/instrumentation-graphql",
        "@opentelemetry/instrumentation-hapi",
        "@opentelemetry/instrumentation-http",
        "@opentelemetry/instrumentation-ioredis",
        "@opentelemetry/instrumentation-kafkajs",
        "@opentelemetry/instrumentation-knex",
        "@opentelemetry/instrumentation-koa",
        "@opentelemetry/instrumentation-lru-memoizer",
        "@opentelemetry/instrumentation-mongodb",
        "@opentelemetry/instrumentation-mongoose",
        "@opentelemetry/instrumentation-mysql",
        "@opentelemetry/instrumentation-mysql2",
        "@opentelemetry/instrumentation-pg",
        "@opentelemetry/instrumentation-redis",
        "@opentelemetry/instrumentation-tedious",
        "@opentelemetry/instrumentation-undici",
        "@opentelemetry/resources",
        "@opentelemetry/sdk-trace-base",
        "@opentelemetry/semantic-conventions",
        "@prisma/instrumentation",
        "@sentry/core",
        "@sentry/node-core",
        "@sentry/opentelemetry",
        "import-in-the-middle",
        "minimatch"
      ]
    },
    "@sentry/opentelemetry@10.14.0_@opentelemetry+api@1.9.0_@opentelemetry+context-async-hooks@2.1.0__@opentelemetry+api@1.9.0_@opentelemetry+core@2.1.0__@opentelemetry+api@1.9.0_@opentelemetry+sdk-trace-base@2.1.0__@opentelemetry+api@1.9.0_@opentelemetry+semantic-conventions@1.37.0": {
      "integrity": "sha512-DAVv6vFVeFclCtg8+6g90r2n2MmM6LZLEwfd8POgCL2MNd3cswC5CM1XFNOwG61stYtQ9PTFh/FQWHFv9fA+Pg==",
      "dependencies": [
        "@opentelemetry/api",
        "@opentelemetry/context-async-hooks",
        "@opentelemetry/core",
        "@opentelemetry/sdk-trace-base",
        "@opentelemetry/semantic-conventions",
        "@sentry/core"
      ]
    },
    "@types/connect@3.4.38": {
      "integrity": "sha512-K6uROf1LD88uDQqJCktA4yzL1YYAK6NgfsI0v/mTgyPKWsX1CnJ0XPSDhViejru1GcRkLWb8RlzFYJRqGUbaug==",
      "dependencies": [
        "@types/node"
      ]
    },
    "@types/mysql@2.15.27": {
      "integrity": "sha512-YfWiV16IY0OeBfBCk8+hXKmdTKrKlwKN1MNKAPBu5JYxLwBEZl7QzeEpGnlZb3VMGJrrGmB84gXiH+ofs/TezA==",
      "dependencies": [
        "@types/node"
      ]
    },
    "@types/node@24.2.0": {
      "integrity": "sha512-3xyG3pMCq3oYCNg7/ZP+E1ooTaGB4cG8JWRsqqOYQdbWNY4zbaV0Ennrd7stjiJEFZCaybcIgpTjJWHRfBSIDw==",
      "dependencies": [
        "undici-types"
      ]
    },
    "@types/pg-pool@2.0.6": {
      "integrity": "sha512-TaAUE5rq2VQYxab5Ts7WZhKNmuN78Q6PiFonTDdpbx8a1H0M1vhy3rhiMjl+e2iHmogyMw7jZF4FrE6eJUy5HQ==",
      "dependencies": [
        "@types/pg"
      ]
    },
    "@types/pg@8.15.5": {
      "integrity": "sha512-LF7lF6zWEKxuT3/OR8wAZGzkg4ENGXFNyiV/JeOt9z5B+0ZVwbql9McqX5c/WStFq1GaGso7H1AzP/qSzmlCKQ==",
      "dependencies": [
        "@types/node",
        "pg-protocol",
        "pg-types"
      ]
    },
    "@types/shimmer@1.2.0": {
      "integrity": "sha512-UE7oxhQLLd9gub6JKIAhDq06T0F6FnztwMNRvYgjeQSBeMc1ZG/tA47EwfduvkuQS8apbkM/lpLpWsaCeYsXVg=="
    },
    "@types/tedious@4.0.14": {
      "integrity": "sha512-KHPsfX/FoVbUGbyYvk1q9MMQHLPeRZhRJZdO45Q4YjvFkv4hMNghCWTvy7rdKessBsmtz4euWCWAB6/tVpI1Iw==",
      "dependencies": [
        "@types/node"
      ]
    },
    "accepts@1.3.8": {
      "integrity": "sha512-PYAthTa2m2VKxuvSD3DPC/Gy+U+sOA1LAuT8mkmRuvw+NACSaeXEQ+NHcVF7rONl6qcaxV3Uuemwawk+7+SJLw==",
      "dependencies": [
        "mime-types",
        "negotiator"
      ]
    },
    "acorn-import-attributes@1.9.5_acorn@8.15.0": {
      "integrity": "sha512-n02Vykv5uA3eHGM/Z2dQrcD56kL8TyDb2p1+0P83PClMnC/nc+anbQRhIOWnSq4Ke/KvDPrY3C9hDtC/A3eHnQ==",
      "dependencies": [
        "acorn"
      ]
    },
    "acorn@8.15.0": {
      "integrity": "sha512-NZyJarBfL7nWwIq+FDL6Zp/yHEhePMNnnJ0y3qfieCrmNvYct8uvtiV41UvlSe6apAfk0fY1FbWx+NwfmpvtTg==",
      "bin": true
    },
    "array-flatten@1.1.1": {
      "integrity": "sha512-PCVAQswWemu6UdxsDFFX/+gVeYqKAod3D3UVm91jHwynguOwAvYPhx8nNlM++NqRcK6CxxpUafjmhIdKiHibqg=="
    },
    "balanced-match@1.0.2": {
      "integrity": "sha512-3oSeUO0TMV67hN1AmbXsK4yaqU7tjiHlbxRDZOpH0KW9+CeX4bRAaX0Anxt0tx2MrpRpWwQaPwIlISEJhYU5Pw=="
    },
    "body-parser@1.20.1": {
      "integrity": "sha512-jWi7abTbYwajOytWCQc37VulmWiRae5RyTpaCyDcS5/lMdtwSz5lOpDE67srw/HYe35f1z3fDQw+3txg7gNtWw==",
      "dependencies": [
        "bytes",
        "content-type",
        "debug@2.6.9",
        "depd",
        "destroy",
        "http-errors",
        "iconv-lite",
        "on-finished",
        "qs",
        "raw-body",
        "type-is",
        "unpipe"
      ]
    },
    "brace-expansion@2.0.2": {
      "integrity": "sha512-Jt0vHyM+jmUBqojB7E1NIYadt0vI0Qxjxd2TErW94wDz+E2LAm5vKMXXwg6ZZBTHPuUlDgQHKXvjGBdfcF1ZDQ==",
      "dependencies": [
        "balanced-match"
      ]
    },
    "bytes@3.1.2": {
      "integrity": "sha512-/Nf7TyzTx6S3yRJObOAV7956r8cr2+Oj8AC5dt8wSP3BQAoeX58NoHyCU8P8zGkNXStjTSi6fzO6F0pBdcYbEg=="
    },
    "call-bind@1.0.5": {
      "integrity": "sha512-C3nQxfFZxFRVoJoGKKI8y3MOEo129NQ+FgQ08iye+Mk4zNZZGdjfs06bVTr+DBSlA66Q2VEcMki/cUCP4SercQ==",
      "dependencies": [
        "function-bind",
        "get-intrinsic",
        "set-function-length"
      ]
    },
    "cjs-module-lexer@1.4.3": {
      "integrity": "sha512-9z8TZaGM1pfswYeXrUpzPrkx8UnWYdhJclsiYMm6x/w5+nN+8Tf/LnAgfLGQCm59qAOxU8WwHEq2vNwF6i4j+Q=="
    },
    "content-disposition@0.5.4": {
      "integrity": "sha512-FveZTNuGw04cxlAiWbzi6zTAL/lhehaWbTtgluJh4/E95DqMwTmha3KZN1aAWA8cFIhHzMZUvLevkw5Rqk+tSQ==",
      "dependencies": [
        "safe-buffer"
      ]
    },
    "content-type@1.0.5": {
      "integrity": "sha512-nTjqfcBFEipKdXCv4YDQWCfmcLZKm81ldF0pAopTvyrFGVbcR6P/VAAd5G7N+0tTr8QqiU0tFadD6FK4NtJwOA=="
    },
    "cookie-signature@1.0.6": {
      "integrity": "sha512-QADzlaHc8icV8I7vbaJXJwod9HWYp8uCqf1xa4OfNu1T7JVxQIrUgOWtHdNDtPiywmFbiS12VjotIXLrKM3orQ=="
    },
    "cookie@0.5.0": {
      "integrity": "sha512-YZ3GUyn/o8gfKJlnlX7g7xq4gyO6OSuhGPKaaGssGB2qgDUS0gPgtTvoyZLTt9Ab6dC4hfc9dV5arkvc/OCmrw=="
    },
    "debug@2.6.9": {
      "integrity": "sha512-bC7ElrdJaJnPbAP+1EotYvqZsb3ecl5wi6Bfi6BJTUcNowp6cvspg0jXznRTKDjm/E7AdgFBVeAPVMNcKGsHMA==",
      "dependencies": [
        "ms@2.0.0"
      ]
    },
    "debug@4.4.3": {
      "integrity": "sha512-RGwwWnwQvkVfavKVt22FGLw+xYSdzARwm0ru6DhTVA3umU5hZc28V3kO4stgYryrTlLpuvgI9GiijltAjNbcqA==",
      "dependencies": [
        "ms@2.1.3"
      ]
    },
    "define-data-property@1.1.1": {
      "integrity": "sha512-E7uGkTzkk1d0ByLeSc6ZsFS79Axg+m1P/VsgYsxHgiuc3tFSj+MjMIwe90FC4lOAZzNBdY7kkO2P2wKdsQ1vgQ==",
      "dependencies": [
        "get-intrinsic",
        "gopd",
        "has-property-descriptors"
      ]
    },
    "depd@2.0.0": {
      "integrity": "sha512-g7nH6P6dyDioJogAAGprGpCtVImJhpPk/roCzdb3fIh61/s/nPsfR6onyMwkCAR/OlC3yBC0lESvUoQEAssIrw=="
    },
    "destroy@1.2.0": {
      "integrity": "sha512-2sJGJTaXIIaR1w4iJSNoN0hnMY7Gpc/n8D4qSCJw8QqFWXf7cuAgnEHxBpweaVcPevC2l3KpjYCx3NypQQgaJg=="
    },
    "ee-first@1.1.1": {
      "integrity": "sha512-WMwm9LhRUo+WUaRN+vRuETqG89IgZphVSNkdFgeb6sS/E4OrDIN7t48CAewSHXc6C8lefD8KKfr5vY61brQlow=="
    },
    "encodeurl@1.0.2": {
      "integrity": "sha512-TPJXq8JqFaVYm2CWmPvnP2Iyo4ZSM7/QKcSmuMLDObfpH5fi7RUGmd/rTDf+rut/saiDiQEeVTNgAmJEdAOx0w=="
    },
    "escape-html@1.0.3": {
      "integrity": "sha512-NiSupZ4OeuGwr68lGIeym/ksIZMJodUGOSCZ/FSnTxcrekbvqrgdUxlJOMpijaKZVjAJrWrGs/6Jy8OMuyj9ow=="
    },
    "etag@1.8.1": {
      "integrity": "sha512-aIL5Fx7mawVa300al2BnEE4iNvo1qETxLrPI/o05L7z6go7fCw1J6EQmbK4FmJ2AS7kgVF/KEZWufBfdClMcPg=="
    },
    "express@4.18.2": {
      "integrity": "sha512-5/PsL6iGPdfQ/lKM1UuielYgv3BUoJfz1aUwU9vHZ+J7gyvwdQXFEBIEIaxeGf0GIcreATNyBExtalisDbuMqQ==",
      "dependencies": [
        "accepts",
        "array-flatten",
        "body-parser",
        "content-disposition",
        "content-type",
        "cookie",
        "cookie-signature",
        "debug@2.6.9",
        "depd",
        "encodeurl",
        "escape-html",
        "etag",
        "finalhandler",
        "fresh",
        "http-errors",
        "merge-descriptors",
        "methods",
        "on-finished",
        "parseurl",
        "path-to-regexp",
        "proxy-addr",
        "qs",
        "range-parser",
        "safe-buffer",
        "send",
        "serve-static",
        "setprototypeof",
        "statuses",
        "type-is",
        "utils-merge",
        "vary"
      ]
    },
    "finalhandler@1.2.0": {
      "integrity": "sha512-5uXcUVftlQMFnWC9qu/svkWv3GTd2PfUhK/3PLkYNAe7FbqJMt3515HaxE6eRL74GdsriiwujiawdaB1BpEISg==",
      "dependencies": [
        "debug@2.6.9",
        "encodeurl",
        "escape-html",
        "on-finished",
        "parseurl",
        "statuses",
        "unpipe"
      ]
    },
    "forwarded-parse@2.1.2": {
      "integrity": "sha512-alTFZZQDKMporBH77856pXgzhEzaUVmLCDk+egLgIgHst3Tpndzz8MnKe+GzRJRfvVdn69HhpW7cmXzvtLvJAw=="
    },
    "forwarded@0.2.0": {
      "integrity": "sha512-buRG0fpBtRHSTCOASe6hD258tEubFoRLb4ZNA6NxMVHNw2gOcwHo9wyablzMzOA5z9xA9L1KNjk/Nt6MT9aYow=="
    },
    "fresh@0.5.2": {
      "integrity": "sha512-zJ2mQYM18rEFOudeV4GShTGIQ7RbzA7ozbU9I/XBpm7kqgMywgmylMwXHxZJmkVoYkna9d2pVXVXPdYTP9ej8Q=="
    },
    "function-bind@1.1.2": {
      "integrity": "sha512-7XHNxH7qX9xG5mIwxkhumTox/MIRNcOgDrxWsMt2pAr23WHp6MrRlN7FBSFpCpr+oVO0F744iUgR82nJMfG2SA=="
    },
    "get-intrinsic@1.2.2": {
      "integrity": "sha512-0gSo4ml/0j98Y3lngkFEot/zhiCeWsbYIlZ+uZOVgzLyLaUw7wxUL+nCTP0XJvJg1AXulJRI3UJi8GsbDuxdGA==",
      "dependencies": [
        "function-bind",
        "has-proto",
        "has-symbols",
        "hasown@2.0.0"
      ]
    },
    "gopd@1.0.1": {
      "integrity": "sha512-d65bNlIadxvpb/A2abVdlqKqV563juRnZ1Wtk6s1sIR8uNsXR70xqIzVqxVf1eTqDunwT2MkczEeaezCKTZhwA==",
      "dependencies": [
        "get-intrinsic"
      ]
    },
    "has-property-descriptors@1.0.1": {
      "integrity": "sha512-VsX8eaIewvas0xnvinAe9bw4WfIeODpGYikiWYLH+dma0Jw6KHYqWiWfhQlgOVK8D6PvjubK5Uc4P0iIhIcNVg==",
      "dependencies": [
        "get-intrinsic"
      ]
    },
    "has-proto@1.0.1": {
      "integrity": "sha512-7qE+iP+O+bgF9clE5+UoBFzE65mlBiVj3tKCrlNQ0Ogwm0BjpT/gK4SlLYDMybDh5I3TCTKnPPa0oMG7JDYrhg=="
    },
    "has-symbols@1.0.3": {
      "integrity": "sha512-l3LCuF6MgDNwTDKkdYGEihYjt5pRPbEg46rtlmnSPlUbgmB8LOIrKJbYYFBSbnPaJexMKtiPO8hmeRjRz2Td+A=="
    },
    "hasown@2.0.0": {
      "integrity": "sha512-vUptKVTpIJhcczKBbgnS+RtcuYMB8+oNzPK2/Hp3hanz8JmpATdmmgLgSaadVREkDm+e2giHwY3ZRkyjSIDDFA==",
      "dependencies": [
        "function-bind"
      ]
    },
    "hasown@2.0.2": {
      "integrity": "sha512-0hJU9SCPvmMzIBdZFqNPXWa6dqh7WdH0cII9y+CyS8rG3nL48Bclra9HmKhVVUHyPWNH5Y7xDwAB7bfgSjkUMQ==",
      "dependencies": [
        "function-bind"
      ]
    },
    "http-errors@2.0.0": {
      "integrity": "sha512-FtwrG/euBzaEjYeRqOgly7G0qviiXoJWnvEH2Z1plBdXgbyjv34pHTSb9zoeHMyDy33+DWy5Wt9Wo+TURtOYSQ==",
      "dependencies": [
        "depd",
        "inherits",
        "setprototypeof",
        "statuses",
        "toidentifier"
      ]
    },
    "iconv-lite@0.4.24": {
      "integrity": "sha512-v3MXnZAcvnywkTUEZomIActle7RXXeedOR31wwl7VlyoXO4Qi9arvSenNQWne1TcRwhCL1HwLI21bEqdpj8/rA==",
      "dependencies": [
        "safer-buffer"
      ]
    },
    "import-in-the-middle@1.14.2_acorn@8.15.0": {
      "integrity": "sha512-5tCuY9BV8ujfOpwtAGgsTx9CGUapcFMEEyByLv1B+v2+6DhAcw+Zr0nhQT7uwaZ7DiourxFEscghOR8e1aPLQw==",
      "dependencies": [
        "acorn",
        "acorn-import-attributes",
        "cjs-module-lexer",
        "module-details-from-path"
      ]
    },
    "inherits@2.0.4": {
      "integrity": "sha512-k/vGaX4/Yla3WzyMCvTQOXYeIHvqOKtnqBduzTHpzpQZzAskKMhZ2K+EnBiSM9zGSoIFeMpXKxa4dYeZIQqewQ=="
    },
    "ipaddr.js@1.9.1": {
      "integrity": "sha512-0KI/607xoxSToH7GjN1FfSbLoU0+btTicjsQSWQlh/hZykN8KpmMf7uYwPW3R+akZ6R/w18ZlXSHBYXiYUPO3g=="
    },
    "is-core-module@2.16.1": {
      "integrity": "sha512-UfoeMA6fIJ8wTYFEUjelnaGI67v6+N7qXJEvQuIGa99l4xsCruSYOVSQ0uPANn4dAzm8lkYPaKLrrijLq7x23w==",
      "dependencies": [
        "hasown@2.0.2"
      ]
    },
    "media-typer@0.3.0": {
      "integrity": "sha512-dq+qelQ9akHpcOl/gUVRTxVIOkAJ1wR3QAvb4RsVjS8oVoFjDGTc679wJYmUmknUF5HwMLOgb5O+a3KxfWapPQ=="
    },
    "merge-descriptors@1.0.1": {
      "integrity": "sha512-cCi6g3/Zr1iqQi6ySbseM1Xvooa98N0w31jzUYrXPX2xqObmFGHJ0tQ5u74H3mVh7wLouTseZyYIq39g8cNp1w=="
    },
    "methods@1.1.2": {
      "integrity": "sha512-iclAHeNqNm68zFtnZ0e+1L2yUIdvzNoauKU4WBA3VvH/vPFieF7qfRlwUZU+DA9P9bPXIS90ulxoUoCH23sV2w=="
    },
    "mime-db@1.52.0": {
      "integrity": "sha512-sPU4uV7dYlvtWJxwwxHD0PuihVNiE7TyAbQ5SWxDCB9mUYvOgroQOwYQQOKPJ8CIbE+1ETVlOoK1UC2nU3gYvg=="
    },
    "mime-types@2.1.35": {
      "integrity": "sha512-ZDY+bPm5zTTF+YpCrAU9nK0UgICYPT0QtT1NZWFv4s++TNkcgVaT0g6+4R2uI4MjQjzysHB1zxuWL50hzaeXiw==",
      "dependencies": [
        "mime-db"
      ]
    },
    "mime@1.6.0": {
      "integrity": "sha512-x0Vn8spI+wuJ1O6S7gnbaQg8Pxh4NNHb7KSINmEWKiPE4RKOplvijn+NkmYmmRgP68mc70j2EbeTFRsrswaQeg==",
      "bin": true
    },
    "minimatch@9.0.5": {
      "integrity": "sha512-G6T0ZX48xgozx7587koeX9Ys2NYy6Gmv//P89sEte9V9whIapMNF4idKxnW2QtCcLiTWlb/wfCabAtAFWhhBow==",
      "dependencies": [
        "brace-expansion"
      ]
    },
    "module-details-from-path@1.0.4": {
      "integrity": "sha512-EGWKgxALGMgzvxYF1UyGTy0HXX/2vHLkw6+NvDKW2jypWbHpjQuj4UMcqQWXHERJhVGKikolT06G3bcKe4fi7w=="
    },
    "ms@2.0.0": {
      "integrity": "sha512-Tpp60P6IUJDTuOq/5Z8cdskzJujfwqfOTkrwIwj7IRISpnkJnT6SyJ4PCPnGMoFjC9ddhal5KVIYtAt97ix05A=="
    },
    "ms@2.1.3": {
      "integrity": "sha512-6FlzubTLZG3J2a/NVCAleEhjzq5oxgHyaCU9yYXvcLsvoVaHJq/s5xXI6/XXP6tz7R9xAOtHnSO/tXtF3WRTlA=="
    },
    "negotiator@0.6.3": {
      "integrity": "sha512-+EUsqGPLsM+j/zdChZjsnX51g4XrHFOIXwfnCVPGlQk/k5giakcKsuxCObBRu6DSm9opw/O6slWbJdghQM4bBg=="
    },
    "object-inspect@1.13.1": {
      "integrity": "sha512-5qoj1RUiKOMsCCNLV1CBiPYE10sziTsnmNxkAI/rZhiD63CF7IqdFGC/XzjWjpSgLf0LxXX3bDFIh0E18f6UhQ=="
    },
    "on-finished@2.4.1": {
      "integrity": "sha512-oVlzkg3ENAhCk2zdv7IJwd/QUD4z2RxRwpkcGY8psCVcCYZNq4wYnVWALHM+brtuJjePWiYF/ClmuDr8Ch5+kg==",
      "dependencies": [
        "ee-first"
      ]
    },
    "parseurl@1.3.3": {
      "integrity": "sha512-CiyeOxFT/JZyN5m0z9PfXw4SCBJ6Sygz1Dpl0wqjlhDEGGBP1GnsUVEL0p63hoG1fcj3fHynXi9NYO4nWOL+qQ=="
    },
    "path-parse@1.0.7": {
      "integrity": "sha512-LDJzPVEEEPR+y48z93A0Ed0yXb8pAByGWo/k5YYdYgpY2/2EsOsksJrq7lOHxryrVOn1ejG6oAp8ahvOIQD8sw=="
    },
    "path-to-regexp@0.1.7": {
      "integrity": "sha512-5DFkuoqlv1uYQKxy8omFBeJPQcdoE07Kv2sferDCrAq1ohOU+MSDswDIbnx3YAM60qIOnYa53wBhXW0EbMonrQ=="
    },
    "pg-int8@1.0.1": {
      "integrity": "sha512-WCtabS6t3c8SkpDBUlb1kjOs7l66xsGdKpIPZsg4wR+B3+u9UAum2odSsF9tnvxg80h4ZxLWMy4pRjOsFIqQpw=="
    },
    "pg-protocol@1.10.3": {
      "integrity": "sha512-6DIBgBQaTKDJyxnXaLiLR8wBpQQcGWuAESkRBX/t6OwA8YsqP+iVSiond2EDy6Y/dsGk8rh/jtax3js5NeV7JQ=="
    },
    "pg-types@2.2.0": {
      "integrity": "sha512-qTAAlrEsl8s4OiEQY69wDvcMIdQN6wdz5ojQiOy6YRMuynxenON0O5oCpJI6lshc6scgAY8qvJ2On/p+CXY0GA==",
      "dependencies": [
        "pg-int8",
        "postgres-array",
        "postgres-bytea",
        "postgres-date",
        "postgres-interval"
      ]
    },
    "postgres-array@2.0.0": {
      "integrity": "sha512-VpZrUqU5A69eQyW2c5CA1jtLecCsN2U/bD6VilrFDWq5+5UIEVO7nazS3TEcHf1zuPYO/sqGvUvW62g86RXZuA=="
    },
    "postgres-bytea@1.0.0": {
      "integrity": "sha512-xy3pmLuQqRBZBXDULy7KbaitYqLcmxigw14Q5sj8QBVLqEwXfeybIKVWiqAXTlcvdvb0+xkOtDbfQMOf4lST1w=="
    },
    "postgres-date@1.0.7": {
      "integrity": "sha512-suDmjLVQg78nMK2UZ454hAG+OAW+HQPZ6n++TNDUX+L0+uUlLywnoxJKDou51Zm+zTCjrCl0Nq6J9C5hP9vK/Q=="
    },
    "postgres-interval@1.2.0": {
      "integrity": "sha512-9ZhXKM/rw350N1ovuWHbGxnGh/SNJ4cnxHiM0rxE4VN41wsg8P8zWn9hv/buK00RP4WvlOyr/RBDiptyxVbkZQ==",
      "dependencies": [
        "xtend"
      ]
    },
    "proxy-addr@2.0.7": {
      "integrity": "sha512-llQsMLSUDUPT44jdrU/O37qlnifitDP+ZwrmmZcoSKyLKvtZxpyV0n2/bD/N4tBAAZ/gJEdZU7KMraoK1+XYAg==",
      "dependencies": [
        "forwarded",
        "ipaddr.js"
      ]
    },
    "qs@6.11.0": {
      "integrity": "sha512-MvjoMCJwEarSbUYk5O+nmoSzSutSsTwF85zcHPQ9OrlFoZOYIjaqBAJIqIXjptyD5vThxGq52Xu/MaJzRkIk4Q==",
      "dependencies": [
        "side-channel"
      ]
    },
    "range-parser@1.2.1": {
      "integrity": "sha512-Hrgsx+orqoygnmhFbKaHE6c296J+HTAQXoxEF6gNupROmmGJRoyzfG3ccAveqCBrwr/2yxQ5BVd/GTl5agOwSg=="
    },
    "raw-body@2.5.1": {
      "integrity": "sha512-qqJBtEyVgS0ZmPGdCFPWJ3FreoqvG4MVQln/kCgF7Olq95IbOp0/BWyMwbdtn4VTvkM8Y7khCQ2Xgk/tcrCXig==",
      "dependencies": [
        "bytes",
        "http-errors",
        "iconv-lite",
        "unpipe"
      ]
    },
    "require-in-the-middle@7.5.2": {
      "integrity": "sha512-gAZ+kLqBdHarXB64XpAe2VCjB7rIRv+mU8tfRWziHRJ5umKsIHN2tLLv6EtMw7WCdP19S0ERVMldNvxYCHnhSQ==",
      "dependencies": [
        "debug@4.4.3",
        "module-details-from-path",
        "resolve"
      ]
    },
    "resolve@1.22.10": {
      "integrity": "sha512-NPRy+/ncIMeDlTAsuqwKIiferiawhefFJtkNSW0qZJEqMEb+qBt/77B/jGeeek+F0uOeN05CDa6HXbbIgtVX4w==",
      "dependencies": [
        "is-core-module",
        "path-parse",
        "supports-preserve-symlinks-flag"
      ],
      "bin": true
    },
    "safe-buffer@5.2.1": {
      "integrity": "sha512-rp3So07KcdmmKbGvgaNxQSJr7bGVSVk5S9Eq1F+ppbRo70+YeaDxkw5Dd8NPN+GD6bjnYm2VuPuCXmpuYvmCXQ=="
    },
    "safer-buffer@2.1.2": {
      "integrity": "sha512-YZo3K82SD7Riyi0E1EQPojLz7kpepnSQI9IyPbHHg1XXXevb5dJI7tpyN2ADxGcQbHG7vcyRHk0cbwqcQriUtg=="
    },
    "semver@7.7.2": {
      "integrity": "sha512-RF0Fw+rO5AMf9MAyaRXI4AV0Ulj5lMHqVxxdSgiVbixSCXoEmmX/jk0CuJw4+3SqroYO9VoUh+HcuJivvtJemA==",
      "bin": true
    },
    "send@0.18.0": {
      "integrity": "sha512-qqWzuOjSFOuqPjFe4NOsMLafToQQwBSOEpS+FwEt3A2V3vKubTquT3vmLTQpFgMXp8AlFWFuP1qKaJZOtPpVXg==",
      "dependencies": [
        "debug@2.6.9",
        "depd",
        "destroy",
        "encodeurl",
        "escape-html",
        "etag",
        "fresh",
        "http-errors",
        "mime",
        "ms@2.1.3",
        "on-finished",
        "range-parser",
        "statuses"
      ]
    },
    "serve-static@1.15.0": {
      "integrity": "sha512-XGuRDNjXUijsUL0vl6nSD7cwURuzEgglbOaFuZM9g3kwDXOWVTck0jLzjPzGD+TazWbboZYu52/9/XPdUgne9g==",
      "dependencies": [
        "encodeurl",
        "escape-html",
        "parseurl",
        "send"
      ]
    },
    "set-function-length@1.1.1": {
      "integrity": "sha512-VoaqjbBJKiWtg4yRcKBQ7g7wnGnLV3M8oLvVWwOk2PdYY6PEFegR1vezXR0tw6fZGF9csVakIRjrJiy2veSBFQ==",
      "dependencies": [
        "define-data-property",
        "get-intrinsic",
        "gopd",
        "has-property-descriptors"
      ]
    },
    "setprototypeof@1.2.0": {
      "integrity": "sha512-E5LDX7Wrp85Kil5bhZv46j8jOeboKq5JMmYM3gVGdGH8xFpPWXUMsNrlODCrkoxMEeNi/XZIwuRvY4XNwYMJpw=="
    },
    "shimmer@1.2.1": {
      "integrity": "sha512-sQTKC1Re/rM6XyFM6fIAGHRPVGvyXfgzIDvzoq608vM+jeyVD0Tu1E6Np0Kc2zAIFWIj963V2800iF/9LPieQw=="
    },
    "side-channel@1.0.4": {
      "integrity": "sha512-q5XPytqFEIKHkGdiMIrY10mvLRvnQh42/+GoBlFW3b2LXLE2xxJpZFdm94we0BaoV3RwJyGqg5wS7epxTv0Zvw==",
      "dependencies": [
        "call-bind",
        "get-intrinsic",
        "object-inspect"
      ]
    },
    "statuses@2.0.1": {
      "integrity": "sha512-RwNA9Z/7PrK06rYLIzFMlaF+l73iwpzsqRIFgbMLbTcLD6cOao82TaWefPXQvB2fOC4AjuYSEndS7N/mTCbkdQ=="
    },
    "supports-preserve-symlinks-flag@1.0.0": {
      "integrity": "sha512-ot0WnXS9fgdkgIcePe6RHNk1WA8+muPa6cSjeR3V8K27q9BB1rTE3R1p7Hv0z1ZyAc8s6Vvv8DIyWf681MAt0w=="
    },
    "toidentifier@1.0.1": {
      "integrity": "sha512-o5sSPKEkg/DIQNmH43V0/uerLrpzVedkUh8tGNvaeXpfpuwjKenlSox/2O/BTlZUtEe+JG7s5YhEz608PlAHRA=="
    },
    "type-is@1.6.18": {
      "integrity": "sha512-TkRKr9sUTxEH8MdfuCSP7VizJyzRNMjj2J2do2Jr3Kym598JVdEksuzPQCnlFPW4ky9Q+iA+ma9BGm06XQBy8g==",
      "dependencies": [
        "media-typer",
        "mime-types"
      ]
    },
    "undici-types@7.10.0": {
      "integrity": "sha512-t5Fy/nfn+14LuOc2KNYg75vZqClpAiqscVvMygNnlsHBFpSXdJaYtXMcdNLpl/Qvc3P2cB3s6lOV51nqsFq4ag=="
    },
    "unpipe@1.0.0": {
      "integrity": "sha512-pjy2bYhSsufwWlKwPc+l3cN7+wuJlK6uz0YdJEOlQDbl6jo/YlPi4mb8agUkVC8BF7V8NuzeyPNqRksA3hztKQ=="
    },
    "utils-merge@1.0.1": {
      "integrity": "sha512-pMZTvIkT1d+TFGvDOqodOclx0QWkkgi6Tdoa8gC8ffGAAqz9pzPTZWAybbsHHoED/ztMtkv/VoYTYyShUn81hA=="
    },
    "vary@1.1.2": {
      "integrity": "sha512-BNGbWLfd0eUPabhkXUVm0j8uuvREyTh5ovRa/dyow/BqAbZJyC+5fU+IzQOzmAKzYqYRAISoRhdQr3eIZ/PXqg=="
    },
    "xtend@4.0.2": {
      "integrity": "sha512-LKYU1iAXJXUgAXn9URjiu+MWhyUXHsvfp7mcuYm9dSUKK0/CjtrUwFAxD82/mCWbtLsGjFIad0wIsod4zrTAEQ=="
    }
  },
  "workspace": {
    "dependencies": [
      "jsr:@std/assert@1"
    ]
  }
}
